
Microsoft Visual Studio Solution File, Format Version 12.00
# Visual Studio 15
VisualStudioVersion = 15.0.28307.168
MinimumVisualStudioVersion = 10.0.40219.1
Project("{FAE04EC0-301F-11D3-BF4B-00C04F79EFBC}") = "C0730507-C0726122", "C0730507-C0726122\C0730507-C0726122.csproj", "{9693E6F5-197B-415C-AE78-19CA1255A20D}"
EndProject
Project("{FAE04EC0-301F-11D3-BF4B-00C04F79EFBC}") = "UnitTestProject1", "UnitTestProject1\UnitTestProject1.csproj", "{603F7BC1-CC34-44DC-A27F-9ED073FFC81E}"
EndProject
Global
	GlobalSection(SolutionConfigurationPlatforms) = preSolution
		Debug|Any CPU = Debug|Any CPU
		Release|Any CPU = Release|Any CPU
	EndGlobalSection
	GlobalSection(ProjectConfigurationPlatforms) = postSolution
		{9693E6F5-197B-415C-AE78-19CA1255A20D}.Debug|Any CPU.ActiveCfg = Debug|Any CPU
		{9693E6F5-197B-415C-AE78-19CA1255A20D}.Debug|Any CPU.Build.0 = Debug|Any CPU
		{9693E6F5-197B-415C-AE78-19CA1255A20D}.Release|Any CPU.ActiveCfg = Release|Any CPU
		{9693E6F5-197B-415C-AE78-19CA1255A20D}.Release|Any CPU.Build.0 = Release|Any CPU
		{603F7BC1-CC34-44DC-A27F-9ED073FFC81E}.Debug|Any CPU.ActiveCfg = Debug|Any CPU
		{603F7BC1-CC34-44DC-A27F-9ED073FFC81E}.Debug|Any CPU.Build.0 = Debug|Any CPU
		{603F7BC1-CC34-44DC-A27F-9ED073FFC81E}.Release|Any CPU.ActiveCfg = Release|Any CPU
		{603F7BC1-CC34-44DC-A27F-9ED073FFC81E}.Release|Any CPU.Build.0 = Release|Any CPU
	EndGlobalSection
	GlobalSection(SolutionProperties) = preSolution
		HideSolutionNode = FALSE
	EndGlobalSection
	GlobalSection(ExtensibilityGlobals) = postSolution
		SolutionGuid = {153962D9-EFCF-4288-99E3-1E3080BC9D77}
	EndGlobalSection
EndGlobal
